{
  "name": "svg-font-create",
  "version": "0.1.0",
  "lockfileVersion": 3,
  "requires": true,
  "packages": {
    "": {
      "name": "svg-font-create",
      "version": "0.1.0",
      "dependencies": {
        "argparse": "~ 0.1.7",
        "fs-tools": "^ 0.5.0",
        "js-yaml": "^ 5.1.0",
        "lodash": "^ 4.18.1",
        "svgo": "~ 0.3.2",
        "xmldom": "npm:@xmldom/xmldom@^0.9.10"
      },
      "bin": {
        "svg-font-create": "svg-font-create.js"
      }
    },
    "node_modules/argparse": {
      "version": "0.1.16",
      "resolved": "https://registry.npmjs.org/argparse/-/argparse-0.1.16.tgz",
      "integrity": "sha512-LjmC2dNpdn2L4UzyoaIr11ELYoLn37ZFy9zObrQFHsSuOepeUEMKnM8w5KL4Tnrp2gy88rRuQt6Ky8Bjml+Baw==",
      "license": "MIT",
      "dependencies": {
        "underscore": "~1.7.0",
        "underscore.string": "~2.4.0"
      }
    },
    "node_modules/async": {
      "version": "0.2.10",
      "resolved": "https://registry.npmjs.org/async/-/async-0.2.10.tgz",
      "integrity": "sha512-eAkdoKxU6/LkKDBzLpT+t6Ff5EtfSF4wx1WfJiPEEV7WNLnDaRXk0oVysiEPm262roaachGexwUv94WhSgN5TQ=="
    },
    "node_modules/coa": {
      "version": "0.3.9",
      "resolved": "https://registry.npmjs.org/coa/-/coa-0.3.9.tgz",
      "integrity": "sha512-8TgPAMVP++o+HkSdgygRKyaEcBXJSi3Q14/tlxkHcStzZB6PnNL87vFJQMKot8Jl1piXYdQv5LShNtWG6NQtBw==",
      "dependencies": {
        "q": "~0.8.10"
      },
      "engines": {
        "node": ">= 0.6.0"
      }
    },
    "node_modules/colors": {
      "version": "0.6.2",
      "resolved": "https://registry.npmjs.org/colors/-/colors-0.6.2.tgz",
      "integrity": "sha512-OsSVtHK8Ir8r3+Fxw/b4jS1ZLPXkV6ZxDRJQzeD7qo0SqMXWrHDM71DgYzPMHY8SFJ0Ao+nNU2p1MmwdzKqPrw==",
      "engines": {
        "node": ">=0.1.90"
      }
    },
    "node_modules/fs-tools": {
      "version": "0.5.0",
      "resolved": "https://registry.npmjs.org/fs-tools/-/fs-tools-0.5.0.tgz",
      "integrity": "sha512-iJG+dKoTlWevEBvsZYkq7Fy1XJVYHMObel+MIKOf+3HbiENQG0JH5bgTlzJYsrdwZvft1vE/yl/P/T4wngAv8A==",
      "deprecated": "Use shelljs, glob, mkdirp, rimraf, or other alternatives",
      "license": "MIT",
      "dependencies": {
        "async": "~ 0.2.9",
        "lodash": "^4.17.10"
      }
    },
    "node_modules/js-yaml": {
      "version": "5.2.0",
      "resolved": "https://registry.npmjs.org/js-yaml/-/js-yaml-5.2.0.tgz",
      "integrity": "sha512-YeLUMlvR4Ou1B119LIaM0r65JvbOBooJDc9yEu0dClb/uSC5P4FrLU8OCCz/HXWvtPoIrR0dRzABTjo1sTN9Bw==",
      "funding": [
        {
          "type": "github",
          "url": "https://github.com/sponsors/puzrin"
        },
        {
          "type": "github",
          "url": "https://github.com/sponsors/nodeca"
        }
      ],
      "license": "MIT",
      "dependencies": {
        "argparse": "^2.0.1"
      },
      "bin": {
        "js-yaml": "bin/js-yaml.mjs"
      }
    },
    "node_modules/js-yaml/node_modules/argparse": {
      "version": "2.0.1",
      "resolved": "https://registry.npmjs.org/argparse/-/argparse-2.0.1.tgz",
      "integrity": "sha512-8+9WqebbFzpX9OR+Wa6O29asIogeRMzcGtAINdpMHHyAg10f05aSFVBbcEqGf/PXw1EjAZ+q2/bEBg3DvurK3Q==",
      "license": "Python-2.0"
    },
    "node_modules/lodash": {
      "version": "4.18.1",
      "resolved": "https://registry.npmjs.org/lodash/-/lodash-4.18.1.tgz",
      "integrity": "sha512-dMInicTPVE8d1e5otfwmmjlxkZoUpiVLwyeTdUsi/Caj/gfzzblBcCE5sRHV/AsjuCmxWrte2TNGSYuCeCq+0Q==",
      "license": "MIT"
    },
    "node_modules/q": {
      "version": "0.8.12",
      "resolved": "https://registry.npmjs.org/q/-/q-0.8.12.tgz",
      "integrity": "sha512-mvLmeFP7lwVSFzDhpVhkI9Jw3u9goGQ2IY9nbSNMA4OZyviFjs2XILKMesUz8nBz4deKS9eWibvEuBNlRxZHBg==",
      "deprecated": "You or someone you depend on is using Q, the JavaScript Promise library that gave JavaScript developers strong feelings about promises. They can almost certainly migrate to the native JavaScript promise now. Thank you literally everyone for joining me in this bet against the odds. Be excellent to each other.\n\n(For a CapTP with native promises, see @endo/eventual-send and @endo/captp)",
      "engines": {
        "node": ">=0.6.0",
        "teleport": ">=0.2.0"
      }
    },
    "node_modules/sax": {
      "version": "0.5.8",
      "resolved": "https://registry.npmjs.org/sax/-/sax-0.5.8.tgz",
      "integrity": "sha512-c0YL9VcSfcdH3F1Qij9qpYJFpKFKMXNOkLWFssBL3RuF7ZS8oZhllR2rWlCRjDTJsfq3R6wbSsaRU6o0rkEdNw==",
      "license": "BSD"
    },
    "node_modules/sprintf-js": {
      "version": "1.1.3",
      "resolved": "https://registry.npmjs.org/sprintf-js/-/sprintf-js-1.1.3.tgz",
      "integrity": "sha512-Oo+0REFV59/rz3gfJNKQiBlwfHaSESl1pcGyABQsnnIfWOFt6JNj5gCog2U6MLZ//IGYD+nA8nI+mTShREReaA==",
      "license": "BSD-3-Clause"
    },
    "node_modules/svgo": {
      "version": "0.3.7",
      "resolved": "https://registry.npmjs.org/svgo/-/svgo-0.3.7.tgz",
      "integrity": "sha512-KJWVm2ARYBNgKCs8ZrQJc5H8/G+16FjQgv1huVU3GqUyoGC93Ut07oRlE5U9K/s3zvSzVufQSWbMPbziP0UlDA==",
      "deprecated": "This SVGO version is no longer supported. Upgrade to v2.x.x.",
      "dependencies": {
        "coa": "~0.3.7",
        "colors": "~0.6.0",
        "js-yaml": "",
        "sax": "~0.5.0",
        "whet.extend": ""
      },
      "bin": {
        "svgo": "bin/svgo"
      },
      "engines": {
        "node": ">=0.6.0"
      }
    },
    "node_modules/underscore": {
      "version": "1.13.8",
      "resolved": "https://registry.npmjs.org/underscore/-/underscore-1.13.8.tgz",
      "integrity": "sha512-DXtD3ZtEQzc7M8m4cXotyHR+FAS18C64asBYY5vqZexfYryNNnDc02W4hKg3rdQuqOYas1jkseX0+nZXjTXnvQ==",
      "license": "MIT"
    },
    "node_modules/underscore.string": {
      "version": "3.3.6",
      "resolved": "https://registry.npmjs.org/underscore.string/-/underscore.string-3.3.6.tgz",
      "integrity": "sha512-VoC83HWXmCrF6rgkyxS9GHv8W9Q5nhMKho+OadDJGzL2oDYbYEppBaCMH6pFlwLeqj2QS+hhkw2kpXkSdD1JxQ==",
      "license": "MIT",
      "dependencies": {
        "sprintf-js": "^1.1.1",
        "util-deprecate": "^1.0.2"
      },
      "engines": {
        "node": "*"
      }
    },
    "node_modules/util-deprecate": {
      "version": "1.0.2",
      "resolved": "https://registry.npmjs.org/util-deprecate/-/util-deprecate-1.0.2.tgz",
      "integrity": "sha512-EPD5q1uXyFxJpCrLnCc1nHnq3gOa6DZBocAIiI2TaSCA7VCJ1UJDMagCzIkXNsUYfD1daK//LTEQ8xiIbrHtcw==",
      "license": "MIT"
    },
    "node_modules/whet.extend": {
      "version": "0.9.9",
      "resolved": "https://registry.npmjs.org/whet.extend/-/whet.extend-0.9.9.tgz",
      "integrity": "sha512-mmIPAft2vTgEILgPeZFqE/wWh24SEsR/k+N9fJ3Jxrz44iDFy9aemCxdksfURSHYFCLmvs/d/7Iso5XjPpNfrA==",
      "license": "MIT",
      "engines": {
        "node": ">=0.6.0"
      }
    },
    "node_modules/xmldom": {
      "name": "@xmldom/xmldom",
      "version": "0.9.10",
      "resolved": "https://registry.npmjs.org/@xmldom/xmldom/-/xmldom-0.9.10.tgz",
      "integrity": "sha512-A9gOqLdi6cV4ibazAjcQufGj0B1y/vDqYrcuP6d/6x8P27gRS8643Dj9o1dEKtB6O7fwxb2FgBmJS2mX7gpvdw==",
      "license": "MIT",
      "engines": {
        "node": ">=14.6"
      }
    }
  }
}
